
Microsoft Visual Studio Solution File, Format Version 12.00
# Visual Studio Version 17
VisualStudioVersion = 17.13.35825.156
MinimumVisualStudioVersion = 10.0.40219.1
Project("{2150E333-8FDC-42A3-9474-1A3956D46DE8}") = "Bootstrapper", "Bootstrapper", "{A8CF4DE7-7C69-4310-9DA9-F7C37F5710E3}"
EndProject
Project("{2150E333-8FDC-42A3-9474-1A3956D46DE8}") = "Modules", "Modules", "{DF9AE06D-448B-4118-85CE-B7B8FF87D9E8}"
EndProject
Project("{2150E333-8FDC-42A3-9474-1A3956D46DE8}") = "Shared", "Shared", "{09EA53D7-44B3-4DCC-ADCF-7F3C6ADABB2A}"
EndProject
Project("{FAE04EC0-301F-11D3-BF4B-00C04F79EFBC}") = "eshop.Api", "Bootstrapper\eshop.Api\eshop.Api.csproj", "{91EB8901-D319-40E7-872D-22A7440DE242}"
EndProject
Project("{2150E333-8FDC-42A3-9474-1A3956D46DE8}") = "Catalog", "Catalog", "{7C79F441-9D0E-4E0D-9097-5B53ED53A4A6}"
EndProject
Project("{2150E333-8FDC-42A3-9474-1A3956D46DE8}") = "Ordering", "Ordering", "{435014BD-78CE-4A9D-B901-D6AB13D2F00A}"
EndProject
Project("{2150E333-8FDC-42A3-9474-1A3956D46DE8}") = "Basket", "Basket", "{928E383A-D94F-4258-B66E-008DFFC9A591}"
EndProject
Project("{FAE04EC0-301F-11D3-BF4B-00C04F79EFBC}") = "eshop.Catalog", "Modules\Catalog\eshop.Catalog\eshop.Catalog.csproj", "{281F89F4-EA23-4270-90BD-B3B94E0F533A}"
EndProject
Project("{FAE04EC0-301F-11D3-BF4B-00C04F79EFBC}") = "eshop.Basket", "Modules\Basket\eshop.Basket\eshop.Basket.csproj", "{99361AF6-C72F-4D44-A8F9-4CC9AE3EFFC5}"
EndProject
Project("{FAE04EC0-301F-11D3-BF4B-00C04F79EFBC}") = "eshop.Ordering", "Modules\Ordering\eshop.Ordering\eshop.Ordering.csproj", "{B79D5FA4-A412-46C2-A141-B7DC563F259C}"
EndProject
Project("{FAE04EC0-301F-11D3-BF4B-00C04F79EFBC}") = "eshop.Shared", "Shared\eshop.Shared\eshop.Shared.csproj", "{CCA793FC-0DDD-494D-A99B-A56EC137FA71}"
EndProject
Project("{E53339B2-1760-4266-BCC7-CA923CBCF16C}") = "docker-compose", "docker-compose.dcproj", "{81DDED9D-158B-E303-5F62-77A2896D2A5A}"
EndProject
Global
	GlobalSection(SolutionConfigurationPlatforms) = preSolution
		Debug|Any CPU = Debug|Any CPU
		Release|Any CPU = Release|Any CPU
	EndGlobalSection
	GlobalSection(ProjectConfigurationPlatforms) = postSolution
		{91EB8901-D319-40E7-872D-22A7440DE242}.Debug|Any CPU.ActiveCfg = Debug|Any CPU
		{91EB8901-D319-40E7-872D-22A7440DE242}.Debug|Any CPU.Build.0 = Debug|Any CPU
		{91EB8901-D319-40E7-872D-22A7440DE242}.Release|Any CPU.ActiveCfg = Release|Any CPU
		{91EB8901-D319-40E7-872D-22A7440DE242}.Release|Any CPU.Build.0 = Release|Any CPU
		{281F89F4-EA23-4270-90BD-B3B94E0F533A}.Debug|Any CPU.ActiveCfg = Debug|Any CPU
		{281F89F4-EA23-4270-90BD-B3B94E0F533A}.Debug|Any CPU.Build.0 = Debug|Any CPU
		{281F89F4-EA23-4270-90BD-B3B94E0F533A}.Release|Any CPU.ActiveCfg = Release|Any CPU
		{281F89F4-EA23-4270-90BD-B3B94E0F533A}.Release|Any CPU.Build.0 = Release|Any CPU
		{99361AF6-C72F-4D44-A8F9-4CC9AE3EFFC5}.Debug|Any CPU.ActiveCfg = Debug|Any CPU
		{99361AF6-C72F-4D44-A8F9-4CC9AE3EFFC5}.Debug|Any CPU.Build.0 = Debug|Any CPU
		{99361AF6-C72F-4D44-A8F9-4CC9AE3EFFC5}.Release|Any CPU.ActiveCfg = Release|Any CPU
		{99361AF6-C72F-4D44-A8F9-4CC9AE3EFFC5}.Release|Any CPU.Build.0 = Release|Any CPU
		{B79D5FA4-A412-46C2-A141-B7DC563F259C}.Debug|Any CPU.ActiveCfg = Debug|Any CPU
		{B79D5FA4-A412-46C2-A141-B7DC563F259C}.Debug|Any CPU.Build.0 = Debug|Any CPU
		{B79D5FA4-A412-46C2-A141-B7DC563F259C}.Release|Any CPU.ActiveCfg = Release|Any CPU
		{B79D5FA4-A412-46C2-A141-B7DC563F259C}.Release|Any CPU.Build.0 = Release|Any CPU
		{CCA793FC-0DDD-494D-A99B-A56EC137FA71}.Debug|Any CPU.ActiveCfg = Debug|Any CPU
		{CCA793FC-0DDD-494D-A99B-A56EC137FA71}.Debug|Any CPU.Build.0 = Debug|Any CPU
		{CCA793FC-0DDD-494D-A99B-A56EC137FA71}.Release|Any CPU.ActiveCfg = Release|Any CPU
		{CCA793FC-0DDD-494D-A99B-A56EC137FA71}.Release|Any CPU.Build.0 = Release|Any CPU
		{81DDED9D-158B-E303-5F62-77A2896D2A5A}.Debug|Any CPU.ActiveCfg = Debug|Any CPU
		{81DDED9D-158B-E303-5F62-77A2896D2A5A}.Debug|Any CPU.Build.0 = Debug|Any CPU
		{81DDED9D-158B-E303-5F62-77A2896D2A5A}.Release|Any CPU.ActiveCfg = Release|Any CPU
		{81DDED9D-158B-E303-5F62-77A2896D2A5A}.Release|Any CPU.Build.0 = Release|Any CPU
	EndGlobalSection
	GlobalSection(SolutionProperties) = preSolution
		HideSolutionNode = FALSE
	EndGlobalSection
	GlobalSection(NestedProjects) = preSolution
		{91EB8901-D319-40E7-872D-22A7440DE242} = {A8CF4DE7-7C69-4310-9DA9-F7C37F5710E3}
		{7C79F441-9D0E-4E0D-9097-5B53ED53A4A6} = {DF9AE06D-448B-4118-85CE-B7B8FF87D9E8}
		{435014BD-78CE-4A9D-B901-D6AB13D2F00A} = {DF9AE06D-448B-4118-85CE-B7B8FF87D9E8}
		{928E383A-D94F-4258-B66E-008DFFC9A591} = {DF9AE06D-448B-4118-85CE-B7B8FF87D9E8}
		{281F89F4-EA23-4270-90BD-B3B94E0F533A} = {7C79F441-9D0E-4E0D-9097-5B53ED53A4A6}
		{99361AF6-C72F-4D44-A8F9-4CC9AE3EFFC5} = {928E383A-D94F-4258-B66E-008DFFC9A591}
		{B79D5FA4-A412-46C2-A141-B7DC563F259C} = {435014BD-78CE-4A9D-B901-D6AB13D2F00A}
		{CCA793FC-0DDD-494D-A99B-A56EC137FA71} = {09EA53D7-44B3-4DCC-ADCF-7F3C6ADABB2A}
	EndGlobalSection
	GlobalSection(ExtensibilityGlobals) = postSolution
		SolutionGuid = {858C1446-A168-4E49-BAA8-AB0409DB006B}
	EndGlobalSection
EndGlobal
